# This file is generated by running "yarn install" inside your project.
# Manual changes might be lost - proceed with caution!

__metadata:
  version: 4
  cacheKey: 7

"@babel/code-frame@npm:^7.0.0":
  version: 7.12.11
  resolution: "@babel/code-frame@npm:7.12.11"
  dependencies:
    "@babel/highlight": ^7.10.4
  checksum: 033d3fb3bf911929c0d904282ee69d1197c8d8ae9c6492aaab09e530bca8c463b11c190185dfda79866556facb5bb4c8dc0b4b32b553d021987fcc28c8dd9c6c
  languageName: node
  linkType: hard

"@babel/helper-validator-identifier@npm:^7.10.4":
  version: 7.12.11
  resolution: "@babel/helper-validator-identifier@npm:7.12.11"
  checksum: 18de432203264b501db2690b53370a4289dc56084f5a2c66de624b159ee28b8abaeb402b2b7584296d9261645d91ddb6bfd21125d3ffd9bf02e9262e77baf3d2
  languageName: node
  linkType: hard

"@babel/highlight@npm:^7.10.4":
  version: 7.10.4
  resolution: "@babel/highlight@npm:7.10.4"
  dependencies:
    "@babel/helper-validator-identifier": ^7.10.4
    chalk: ^2.0.0
    js-tokens: ^4.0.0
  checksum: c167b938af9797e7630dd922398ceb1a079469085b9c0a7274f093f9f2b1ef9f0a5efec89592e81cbab7c87a537d32c238cea97d288b7af9a0d26b2bceb7a439
  languageName: node
  linkType: hard

"@cspell/cspell-bundled-dicts@npm:^5.2.2":
  version: 5.2.2
  resolution: "@cspell/cspell-bundled-dicts@npm:5.2.2"
  dependencies:
    "@cspell/dict-aws": ^1.0.13
    "@cspell/dict-bash": ^1.0.11
    "@cspell/dict-companies": ^1.0.35
    "@cspell/dict-cpp": ^1.1.37
    "@cspell/dict-cryptocurrencies": ^1.0.10
    "@cspell/dict-csharp": ^1.0.10
    "@cspell/dict-css": ^1.0.10
    "@cspell/dict-django": ^1.0.25
    "@cspell/dict-dotnet": ^1.0.24
    "@cspell/dict-elixir": ^1.0.23
    "@cspell/dict-en-gb": ^1.1.27
    "@cspell/dict-en_us": ^1.2.39
    "@cspell/dict-filetypes": ^1.1.5
    "@cspell/dict-fonts": ^1.0.14
    "@cspell/dict-fullstack": ^1.0.36
    "@cspell/dict-golang": ^1.1.24
    "@cspell/dict-haskell": ^1.0.12
    "@cspell/dict-html": ^1.1.5
    "@cspell/dict-html-symbol-entities": ^1.0.23
    "@cspell/dict-java": ^1.0.22
    "@cspell/dict-latex": ^1.0.23
    "@cspell/dict-lorem-ipsum": ^1.0.22
    "@cspell/dict-lua": ^1.0.16
    "@cspell/dict-node": ^1.0.10
    "@cspell/dict-npm": ^1.0.10
    "@cspell/dict-php": ^1.0.23
    "@cspell/dict-powershell": ^1.0.14
    "@cspell/dict-python": ^1.0.33
    "@cspell/dict-ruby": ^1.0.12
    "@cspell/dict-rust": ^1.0.22
    "@cspell/dict-scala": ^1.0.21
    "@cspell/dict-software-terms": ^1.0.25
    "@cspell/dict-typescript": ^1.0.16
  checksum: 018f177acefef1c62cb3b543f48071586cc34f766e9c1b8a28b2235cb08db36e34e6d7dadabe5bb15fc26a6ade537f76bac9ad1a147e8f170ada938053e2e2fc
  languageName: node
  linkType: hard

"@cspell/dict-aws@npm:^1.0.13":
  version: 1.0.13
  resolution: "@cspell/dict-aws@npm:1.0.13"
  checksum: 5bcdfbe6b2524ab35b563a00d34022252d74fec5be493b0ab2ba81d779f8e26794c1c06ce8a06c3cae4703d85f847716bfa752ee37694a615df7c447a8ee04ad
  languageName: node
  linkType: hard

"@cspell/dict-bash@npm:^1.0.11":
  version: 1.0.11
  resolution: "@cspell/dict-bash@npm:1.0.11"
  checksum: 0eb4f892025f2e6acb891ccab3e7c43d3ab2ffa6fea6c76c636251e8165169bcd9895936bf1c5b6efeb189d465746c30014e47142ad84617800d1d3cdd69abb4
  languageName: node
  linkType: hard

"@cspell/dict-companies@npm:^1.0.35":
  version: 1.0.35
  resolution: "@cspell/dict-companies@npm:1.0.35"
  checksum: 7726c126ae577293f38182cfa53972e3fcc35b24bc83c746cbc9c0b05f207a9e379284a4f386c0b360b9b2b5ee5aff579d7604ba089f472be4e08440919c3b85
  languageName: node
  linkType: hard

"@cspell/dict-cpp@npm:^1.1.37":
  version: 1.1.37
  resolution: "@cspell/dict-cpp@npm:1.1.37"
  checksum: ccfd2f967d05a34ed44609061c4e593807cbf87a78da76490971224a856401a79574798e17d95f1a66492bd24e61a80af435b5649856ecb245ea7b2609d62e74
  languageName: node
  linkType: hard

"@cspell/dict-cryptocurrencies@npm:^1.0.10":
  version: 1.0.10
  resolution: "@cspell/dict-cryptocurrencies@npm:1.0.10"
  checksum: d6c1ec979b7540e45f0368be0422ef2b3c81e8335156715f6554d0814a9d11bb2b25d54c4c1959a10eb574de23bc2c902240d9e274b00aa664a3c57b86c68c1e
  languageName: node
  linkType: hard

"@cspell/dict-csharp@npm:^1.0.10":
  version: 1.0.10
  resolution: "@cspell/dict-csharp@npm:1.0.10"
  checksum: b284f0bb4ee6bb041b16fb0f8042d8122c53d0a710c3567788c0f999c7a90b0f3872e0f21587ca0f3f5d012e3fa64b1839e12c57799871cb622a7474813b4fe3
  languageName: node
  linkType: hard

"@cspell/dict-css@npm:^1.0.10":
  version: 1.0.10
  resolution: "@cspell/dict-css@npm:1.0.10"
  checksum: 53a412ed93eb1f70b0ab280347d4c8593d89d4d7417850e7a6e4e1a92212bdf50a9cfaa7e719732b6a744b17a13736f45e852dd6297fa4682c6ccfe8ad19b5a9
  languageName: node
  linkType: hard

"@cspell/dict-django@npm:^1.0.25":
  version: 1.0.25
  resolution: "@cspell/dict-django@npm:1.0.25"
  checksum: f989c0ecbe528c38415cb0733ba650aea881f52e35c2602c7eb448a483bce4a262e9359a153561537364ab810e5484e26c3b60d3b75669db31b575ac9a876d03
  languageName: node
  linkType: hard

"@cspell/dict-dotnet@npm:^1.0.24":
  version: 1.0.24
  resolution: "@cspell/dict-dotnet@npm:1.0.24"
  checksum: ed530e510b8092666350aeb14d9ff9e7792bb508460c0518d8e2de0efedcadacdd7712ea74e41e64d8a38f0b59d9185b4e514bd3d408bf2e9ebf3ed443699297
  languageName: node
  linkType: hard

"@cspell/dict-elixir@npm:^1.0.23":
  version: 1.0.23
  resolution: "@cspell/dict-elixir@npm:1.0.23"
  checksum: 85392e932b995de46b451a1df52501662dfd1d6e7cc6f9fce34e9a73368ab274e08486ef62cda1570d6e54a72ef4248e73fc03b0f6048689f316c3e29f75ee4a
  languageName: node
  linkType: hard

"@cspell/dict-en-gb@npm:^1.1.27":
  version: 1.1.27
  resolution: "@cspell/dict-en-gb@npm:1.1.27"
  checksum: d65211f459bb247e8fb8b8ebe29c176d0c6f47825b7bd5a7dbc82a70152300635ee3efcfa2e7c70be5107d6b19df23297333653c9967a788cb7acef7ef8a5a9f
  languageName: node
  linkType: hard

"@cspell/dict-en_us@npm:^1.2.39":
  version: 1.2.39
  resolution: "@cspell/dict-en_us@npm:1.2.39"
  checksum: eef8be11ffae923861533c91e225c6b4de86f326446beedb6a9fd1eee21f628a76333536fe6f8275012170ac33fb934c2e49758a3536345fcd7b29bdf92eb57e
  languageName: node
  linkType: hard

"@cspell/dict-filetypes@npm:^1.1.5":
  version: 1.1.5
  resolution: "@cspell/dict-filetypes@npm:1.1.5"
  checksum: c12fa03df8e787c33584600caa6d6fe34feca08784f843375bc8328448ef45ec708c996e0a19d0b5e93641ccadcce22f2e2403a1b1ce6b6d0ca69526ccc65b65
  languageName: node
  linkType: hard

"@cspell/dict-fonts@npm:^1.0.14":
  version: 1.0.14
  resolution: "@cspell/dict-fonts@npm:1.0.14"
  checksum: 9f3bbd68b76f329057dd9d0f9e3b405d7d5ce532ce3a144ff835e411f26b4ccd1c24b3476432c26eb75cb4e6b9e9c8b345d948a660113e82a839b60f8d1d0ecd
  languageName: node
  linkType: hard

"@cspell/dict-fullstack@npm:^1.0.36":
  version: 1.0.36
  resolution: "@cspell/dict-fullstack@npm:1.0.36"
  checksum: 72b5ffad26d92862cb7aa2bf5b9340bcbd15376d2a2005463e415b7b6eecbc067c4c44cb00b19bca4ba44c7bc3148ee1fba785872bc62eb7447fad5656172729
  languageName: node
  linkType: hard

"@cspell/dict-golang@npm:^1.1.24":
  version: 1.1.24
  resolution: "@cspell/dict-golang@npm:1.1.24"
  checksum: 4efa233a30f5a0f2772b71b5030ecbee1cb0446e5b6e8cd181c9d9734e4c685f3cb5b2943e32879786762c9fb50cb23e05e10f8766b0d831c5bdbed12d1abc88
  languageName: node
  linkType: hard

"@cspell/dict-haskell@npm:^1.0.12":
  version: 1.0.12
  resolution: "@cspell/dict-haskell@npm:1.0.12"
  checksum: 3c95c7bc18f86a486c9445b590d0d76c0b1a086a2217a27ff43239c7c1a85e88c258f80de638774dd45f64fb73918fdfeba7e83c54085fe4a833a200895ae716
  languageName: node
  linkType: hard

"@cspell/dict-html-symbol-entities@npm:^1.0.23":
  version: 1.0.23
  resolution: "@cspell/dict-html-symbol-entities@npm:1.0.23"
  checksum: 225275c1f22f6bf508aa732df11dc75363eb5ec9960a3a87ddb53b61ebf0b0dec66132cb24de6f3f8fa9062153e8e463c26fcbf03c2f354d2ec844d46bbe4b1f
  languageName: node
  linkType: hard

"@cspell/dict-html@npm:^1.1.5":
  version: 1.1.5
  resolution: "@cspell/dict-html@npm:1.1.5"
  checksum: 7f95a9e4d49b1b5fb5d33daf23561e035959b1a6d4f4ecd27eb7573b5cb2fa3c54a90e33cf65f1ac49c0f412dce188375142da62bb70edb5232549a4bc898a89
  languageName: node
  linkType: hard

"@cspell/dict-java@npm:^1.0.22":
  version: 1.0.22
  resolution: "@cspell/dict-java@npm:1.0.22"
  checksum: f47658c8d81917c1efeb596d2b7ecd85acc64dfe6d6082b980a88650bfb66f825d1332272d05b5ce455f3e8bedf95acea6885c0437b4f7475799861228ce54fd
  languageName: node
  linkType: hard

"@cspell/dict-latex@npm:^1.0.23":
  version: 1.0.23
  resolution: "@cspell/dict-latex@npm:1.0.23"
  checksum: d79aba88e83954eebd800d74aacc7d87b967a526c776a61f1806001094a7c52ddb0ec98f77faa9ce598952b17928737472818a74b015f289c5297209aea2bf25
  languageName: node
  linkType: hard

"@cspell/dict-lorem-ipsum@npm:^1.0.22":
  version: 1.0.22
  resolution: "@cspell/dict-lorem-ipsum@npm:1.0.22"
  checksum: 6a139f3ee6356e2524488c97ae6a87953b78719a3d13637447fe38a23d7e493736f9863be134ddfe65ae075f7a6bcb323b1c6d19f486644ad43e0ff201f40627
  languageName: node
  linkType: hard

"@cspell/dict-lua@npm:^1.0.16":
  version: 1.0.16
  resolution: "@cspell/dict-lua@npm:1.0.16"
  checksum: 2fbb3b4d62111ae95c1ee6e4bdff40279c4cd25755f95ac40e715b23e9399c3f79cc7f55dfcd8fac41b8e5999ad4857b8cc6d4c840c2b25c837b00292d3f87a8
  languageName: node
  linkType: hard

"@cspell/dict-node@npm:^1.0.10":
  version: 1.0.10
  resolution: "@cspell/dict-node@npm:1.0.10"
  checksum: 6f52df778ec7a1c0a05788ef24151f27306a1e5274bdf4b56c90e1d9f385e27adb08a1a534914c19f033565035a76e348a37cf7e107e807ee9d4b2f17f95f296
  languageName: node
  linkType: hard

"@cspell/dict-npm@npm:^1.0.10":
  version: 1.0.10
  resolution: "@cspell/dict-npm@npm:1.0.10"
  checksum: 03328e24ad15a5c9155c79d6904f990f369e363e20568743a42a88f295643d7899bc7de6dc5e41c648b82268bd7fc1e038d3289a1ae906cc5a376a4ff1efd2f2
  languageName: node
  linkType: hard

"@cspell/dict-php@npm:^1.0.23":
  version: 1.0.23
  resolution: "@cspell/dict-php@npm:1.0.23"
  checksum: 1e26f2e72d3b97a7a2ee8fae62c7fd98a1231caab3b653d93e7a480c60e9415f2b0deab0f888d4522b4775f4c46c853e5704dcde48e8fcd90a26df74ff51b8d9
  languageName: node
  linkType: hard

"@cspell/dict-powershell@npm:^1.0.14":
  version: 1.0.14
  resolution: "@cspell/dict-powershell@npm:1.0.14"
  checksum: 79c2b7d299f35d0f6ff4935c9ea2c29d8584a170bd459e4f9eb147c040d66755588716b95a7462d97bd6b2ad3db503b108c12bfdd620d0c46dc27bd0a89afdef
  languageName: node
  linkType: hard

"@cspell/dict-python@npm:^1.0.33":
  version: 1.0.33
  resolution: "@cspell/dict-python@npm:1.0.33"
  checksum: 2358c90de3ca95341de527dd59a4a67bfa9e7c4d9455ebc8a668be4500796a3d4e471d09157c37787116c7cba2e9430004bf7d821a6bb7a467aa6d4c2bb64bfe
  languageName: node
  linkType: hard

"@cspell/dict-ruby@npm:^1.0.12":
  version: 1.0.12
  resolution: "@cspell/dict-ruby@npm:1.0.12"
  checksum: c9fc168195928a6eebd9ae10797dbc34e31da10252b8a62840f234a8a87206757a4a021fe7ded77ba6d412ccc42b07f20bb77dcaae95e50e4499113b46e68b0c
  languageName: node
  linkType: hard

"@cspell/dict-rust@npm:^1.0.22":
  version: 1.0.22
  resolution: "@cspell/dict-rust@npm:1.0.22"
  checksum: 35dfc9be61fc718d6d3dd9980f0141f8d774786b15567f6729318f20ef4a7254a56429766af81e8361937936a3c89ba896151a94f3228c706a9f0d3140a74086
  languageName: node
  linkType: hard

"@cspell/dict-scala@npm:^1.0.21":
  version: 1.0.21
  resolution: "@cspell/dict-scala@npm:1.0.21"
  checksum: f7194ec58a993592a040f7825c1a57970cebb75c1984a348fc6cd10e5015cceec6a6e45fec91d487d374e1e5259331b303394f8fb80b82b6f9f2353b3c2c9983
  languageName: node
  linkType: hard

"@cspell/dict-software-terms@npm:^1.0.25":
  version: 1.0.25
  resolution: "@cspell/dict-software-terms@npm:1.0.25"
  checksum: 0687228a28e640f80db6d7a01d55a0c293661d3209136c12954c2135c6cca85c5f61f35e10655e53d5354872eb026207bdf1e8e7d41faa8bddd7d37be69cb73f
  languageName: node
  linkType: hard

"@cspell/dict-typescript@npm:^1.0.16":
  version: 1.0.16
  resolution: "@cspell/dict-typescript@npm:1.0.16"
  checksum: 72c908b7548a512a22d74c233a438c96f8a7e2862ec4a4af08e230af9cbe4b1885865c1a2e17ebb00bb07b06f15cd1040e46f18f0e7f93c2f3d6880c52f99adc
  languageName: node
  linkType: hard

"@types/parse-json@npm:^4.0.0":
  version: 4.0.0
  resolution: "@types/parse-json@npm:4.0.0"
  checksum: 4a8f720afac47b474d3f2eece312340e72bc31bc9561cda37b596ce2ed218c0099765d302625bb67d659a8452a1f93d514f4863c11c7ebaf65430428687dc426
  languageName: node
  linkType: hard

"ansi-regex@npm:^5.0.0":
  version: 5.0.0
  resolution: "ansi-regex@npm:5.0.0"
  checksum: cbd9b5c9dbbb4a949c2a6e93f1c6cc19f0683d8a4724d08d2158627be6d373f0f3ba1f4ada01dce7ee141f2ba2628fbbd29932c7d49926e3b630c7f329f3178b
  languageName: node
  linkType: hard

"ansi-styles@npm:^3.2.1":
  version: 3.2.1
  resolution: "ansi-styles@npm:3.2.1"
  dependencies:
    color-convert: ^1.9.0
  checksum: 456e1c23d9277512a47718da75e7fbb0a5ee215ef893c2f76d6b3efe8fceabc861121b80b0362146f5f995d21a1633f05a19bbf6283ae66ac11dc3b9c0bed779
  languageName: node
  linkType: hard

"ansi-styles@npm:^4.1.0":
  version: 4.3.0
  resolution: "ansi-styles@npm:4.3.0"
  dependencies:
    color-convert: ^2.0.1
  checksum: ea02c0179f3dd089a161f5fdd7ccd89dd84f31d82b68869f1134bf5c5b9e1313dadd2ff9edb02b44f46243f285ef5b785f6cb61c84a293694221417c42934407
  languageName: node
  linkType: hard

"array-timsort@npm:^1.0.3":
  version: 1.0.3
  resolution: "array-timsort@npm:1.0.3"
  checksum: 840f0a68e7de2e53cae55917532edb805f948e6b5ec5a887081950f0683ca0b04ebf87660c6a3ee2270644a43128bf8869f2964a7dc43a90a5b1b830cdb6dfdb
  languageName: node
  linkType: hard

"at-least-node@npm:^1.0.0":
  version: 1.0.0
  resolution: "at-least-node@npm:1.0.0"
  checksum: 8f33efc16287ed39766065c718a2d36a469f702c66c6eb41fa460c0c62bca395301a6a02946e315ae4a84c9cc7f44c94ec73a556bc2a1049350da98d0b013afe
  languageName: node
  linkType: hard

"balanced-match@npm:^1.0.0":
  version: 1.0.0
  resolution: "balanced-match@npm:1.0.0"
  checksum: f515a605fe1b59f476f7477c5e1d53ad55b4f42982fca1d57b6701906f4ad1f1ac90fd6587d92cc1af2edb43eecf979214dd847ee410a6de9db4ebf0dd128d62
  languageName: node
  linkType: hard

"brace-expansion@npm:^1.1.7":
  version: 1.1.11
  resolution: "brace-expansion@npm:1.1.11"
  dependencies:
    balanced-match: ^1.0.0
    concat-map: 0.0.1
  checksum: 4c878e25e4858baf801945dfd63eb68feab2e502cf1122f25f3915c0e3bf397af3a93ff6bef0798db41c0d81ef28c08e55daac38058710f749a3b96eee6b8f40
  languageName: node
  linkType: hard

"braces@npm:^3.0.1":
  version: 3.0.2
  resolution: "braces@npm:3.0.2"
  dependencies:
    fill-range: ^7.0.1
  checksum: f3493181c3e91a1333d3c9afc9b3263a3f62f4ced0b033c372efc1373b48a7699557f4e04026b232a8556e043ca5360a9d3008c33852350138d4b0ea57558b8d
  languageName: node
  linkType: hard

"callsites@npm:^3.0.0":
  version: 3.1.0
  resolution: "callsites@npm:3.1.0"
  checksum: f726bf10d752901174cae348e69c2e58206404d5eebcea485b3fedbcf7fcffdb397e10919fdf6ee2c8adb4be52a64eea2365d52583611939bfecd109260451c9
  languageName: node
  linkType: hard

"chalk@npm:^2.0.0":
  version: 2.4.2
  resolution: "chalk@npm:2.4.2"
  dependencies:
    ansi-styles: ^3.2.1
    escape-string-regexp: ^1.0.5
    supports-color: ^5.3.0
  checksum: 22c7b7b5bc761c882bb6516454a1a671923f1c53ff972860065aa0b28a195f230163c1d46ee88bcc7a03e5539177d896457d8bc727de7f244c6e87032743038e
  languageName: node
  linkType: hard

"chalk@npm:^4.1.0":
  version: 4.1.0
  resolution: "chalk@npm:4.1.0"
  dependencies:
    ansi-styles: ^4.1.0
    supports-color: ^7.1.0
  checksum: f860285b419f9e925c2db0f45ffa88aa8794c14b80cc5d01ff30930bcfc384996606362706f0829cf557f6d36152a5fb2d227ad63c4bc90e2ec9e9dbed4a3c07
  languageName: node
  linkType: hard

"color-convert@npm:^1.9.0":
  version: 1.9.3
  resolution: "color-convert@npm:1.9.3"
  dependencies:
    color-name: 1.1.3
  checksum: 5f244daa3d1fe1f216d48878c550465067d15268688308554e613b7640a068f96588096d51f0b98b68f15d6ff6bb8ad24e172582ac8c0ad43fa4d3da60fd1b79
  languageName: node
  linkType: hard

"color-convert@npm:^2.0.1":
  version: 2.0.1
  resolution: "color-convert@npm:2.0.1"
  dependencies:
    color-name: ~1.1.4
  checksum: 3d5d8a011a43012ca11b6d739049ecf2055d95582fd16ec44bf1e685eb0baa5cc652002be8a1dc92b429c8d87418287d0528266a7595cb1ad8a7f4f1d3049df2
  languageName: node
  linkType: hard

"color-name@npm:1.1.3":
  version: 1.1.3
  resolution: "color-name@npm:1.1.3"
  checksum: d8b91bb90aefc05b6ff568cf8889566dcc6269824df6f3c9b8ca842b18d7f4d089c07dc166808d33f22092d4a79167aa56a96a5ff0d21efab548bf44614db43b
  languageName: node
  linkType: hard

"color-name@npm:~1.1.4":
  version: 1.1.4
  resolution: "color-name@npm:1.1.4"
  checksum: 3e1c9a4dee12eada307436f61614dd11fe300469db2b83f80c8b7a7cd8a1015f0f18dd13403f018927b249003777ff60baba4a03c65f12e6bddc0dfd9642021f
  languageName: node
  linkType: hard

"commander@npm:^7.0.0":
  version: 7.0.0
  resolution: "commander@npm:7.0.0"
  checksum: 46e60cb1e1ccc3e8d4bac5672d4be08cb60d0a0c22d0c352ba9f9713a11996e79a67216ace4dc32a04ee621c86c9a327f0c35126e4aaf3ede3004f78a009cb19
  languageName: node
  linkType: hard

"comment-json@npm:^4.1.0":
  version: 4.1.0
  resolution: "comment-json@npm:4.1.0"
  dependencies:
    array-timsort: ^1.0.3
    core-util-is: ^1.0.2
    esprima: ^4.0.1
    has-own-prop: ^2.0.0
    repeat-string: ^1.6.1
  checksum: afc5255a94f107809f2fe790f1561e683fc8647601280aeb65daeda7298d46adde8a3c0a087bb9ceb4f63635d900c728ba35a98871dfaab27b2741c08cd2821c
  languageName: node
  linkType: hard

"concat-map@npm:0.0.1":
  version: 0.0.1
  resolution: "concat-map@npm:0.0.1"
  checksum: 554e28d9ee5aa6e061795473ee092cb3d3a2cbdb76c35416e0bb6e03f136d7d07676da387b2ed0ec4106cedbb6534080d9abc48ecc4a92b76406cf2d0c3c0c4b
  languageName: node
  linkType: hard

"configstore@npm:^5.0.1":
  version: 5.0.1
  resolution: "configstore@npm:5.0.1"
  dependencies:
    dot-prop: ^5.2.0
    graceful-fs: ^4.1.2
    make-dir: ^3.0.0
    unique-string: ^2.0.0
    write-file-atomic: ^3.0.0
    xdg-basedir: ^4.0.0
  checksum: 81dd877bf784af29e7bbeb14e183fef21df07d9eceb3e94601a0689accb168b55f4661c629d32f079f88ea1bff3396434beb0d022414b601e72cf89adf4167e1
  languageName: node
  linkType: hard

"core-util-is@npm:^1.0.2":
  version: 1.0.2
  resolution: "core-util-is@npm:1.0.2"
  checksum: 089015ee3c462dfceba70faa1df83b42a7bb35db26dae6af283247b06fe3216c65fccd9f00eebcaf98300dc31e981d56aae9f90b624f8f6ff1153e235ff88b65
  languageName: node
  linkType: hard

"cosmiconfig@npm:^7.0.0":
  version: 7.0.0
  resolution: "cosmiconfig@npm:7.0.0"
  dependencies:
    "@types/parse-json": ^4.0.0
    import-fresh: ^3.2.1
    parse-json: ^5.0.0
    path-type: ^4.0.0
    yaml: ^1.10.0
  checksum: 151fcb91773c0ae826fc801eab86f8f818605dbf63c8e5515adf0ff0fec5ede8e614f387f93c088d65527a2ea9021f0cd8c6b6e5c7fef2b77480b5e2c33700dc
  languageName: node
  linkType: hard

"crypto-random-string@npm:^2.0.0":
  version: 2.0.0
  resolution: "crypto-random-string@npm:2.0.0"
  checksum: 7bc19f6cafe3194a434198c9414941cc36d874e1f85b6fcba573b5623f77a440c0a10a94c0d0da26d7d23d85b6fe07354e589ef1a0fe2d7b32e0bab9e70ca4c1
  languageName: node
  linkType: hard

"cspell-glob@npm:^5.2.0":
  version: 5.2.0
  resolution: "cspell-glob@npm:5.2.0"
  dependencies:
    micromatch: ^4.0.2
  checksum: 582fd61d0d82daf29d0d27395e50c65b7df7dddf71dfc5866899d2848574ae435b60b8656a2cf470ca36f969488539d4b9e4ee401d7056c386a19dbb948ff4af
  languageName: node
  linkType: hard

"cspell-io@npm:^5.2.0":
  version: 5.2.0
  resolution: "cspell-io@npm:5.2.0"
  dependencies:
    iconv-lite: ^0.6.2
    iterable-to-stream: ^1.0.1
  checksum: 6aa09559d7a2a8ada9510498bb94626460283253187e200b75df1c0dab974e82f891369814c464744311fe7235d11aab0da52f46adf1f1233397dcfb85ba4a1a
  languageName: node
  linkType: hard

"cspell-lib@npm:^5.2.3":
  version: 5.2.3
  resolution: "cspell-lib@npm:5.2.3"
  dependencies:
    "@cspell/cspell-bundled-dicts": ^5.2.2
    comment-json: ^4.1.0
    configstore: ^5.0.1
    cosmiconfig: ^7.0.0
    cspell-io: ^5.2.0
    cspell-trie-lib: ^5.2.2
    fs-extra: ^9.1.0
    gensequence: ^3.1.1
    minimatch: ^3.0.4
    resolve-from: ^5.0.0
    resolve-global: ^1.0.0
    vscode-uri: ^3.0.2
  checksum: 26624021c38711f9aeff28f6febe9c0161d8005fd9db29de1aab2dae998fd861a281571d8eee9bc9cf80697b740ef56329c98be07cb5f173a251b8f15b7afa1c
  languageName: node
  linkType: hard

"cspell-trie-lib@npm:^5.2.2":
  version: 5.2.2
  resolution: "cspell-trie-lib@npm:5.2.2"
  dependencies:
    fs-extra: ^9.1.0
    gensequence: ^3.1.1
  checksum: 8ca419a33b9a543c72dc13ee6da609aa65d2ad87744d14b721d247b88c764042f1450c7642279abbf6f70a5a15356b914a0fa7f2d7665aa032bca67eb145665f
  languageName: node
  linkType: hard

"cspell@npm:5.2.3":
  version: 5.2.3
  resolution: "cspell@npm:5.2.3"
  dependencies:
    chalk: ^4.1.0
    commander: ^7.0.0
    comment-json: ^4.1.0
    cspell-glob: ^5.2.0
    cspell-lib: ^5.2.3
    fs-extra: ^9.1.0
    get-stdin: ^8.0.0
    glob: ^7.1.6
    minimatch: ^3.0.4
    strip-ansi: ^6.0.0
  bin:
    cspell: bin.js
  checksum: 1e97f1bca329e83df1a70bffe6b105a33f820668e20cc8ad5d4691d5315e5168c91f739895ff8099f5968b6ed9ac23b027b969ee7ec86878087d62f4c5b8823b
  languageName: node
  linkType: hard

"dot-prop@npm:^5.2.0":
  version: 5.3.0
  resolution: "dot-prop@npm:5.3.0"
  dependencies:
    is-obj: ^2.0.0
  checksum: 76e6693d8803eeff9cb920988446bf223cf1f6e5b1c0c2fe07a66906392134931a481b11e3c0bd852c5cfc97fad65258bcb4359169ad1d8d624cb3f56932be98
  languageName: node
  linkType: hard

"error-ex@npm:^1.3.1":
  version: 1.3.2
  resolution: "error-ex@npm:1.3.2"
  dependencies:
    is-arrayish: ^0.2.1
  checksum: 6c6c9187429ae867d145bc64c682c7c137b1f8373a406dc3b605c0d92f15b85bfcea02b461dc55ae11b10d013377e1eaf3d469d2861b2f94703c743620a9c08c
  languageName: node
  linkType: hard

"escape-string-regexp@npm:^1.0.5":
  version: 1.0.5
  resolution: "escape-string-regexp@npm:1.0.5"
  checksum: f9484b8b4c8827d816e0fd905c25ed4b561376a9c220e1430403ea84619bf680c76a883a48cff8b8e091daf55d6a497e37479f9787b9f15f3c421b6054289744
  languageName: node
  linkType: hard

"esprima@npm:^4.0.1":
  version: 4.0.1
  resolution: "esprima@npm:4.0.1"
  bin:
    esparse: ./bin/esparse.js
    esvalidate: ./bin/esvalidate.js
  checksum: 5df45a3d9c95c36800d028ba76d8d4e04e199932b58c2939f462f859fd583e7d39b4a12d3f97986cf272a28a5fe5948ee6e49e36ef63f67b5b48d82a635c5081
  languageName: node
  linkType: hard

"fill-range@npm:^7.0.1":
  version: 7.0.1
  resolution: "fill-range@npm:7.0.1"
  dependencies:
    to-regex-range: ^5.0.1
  checksum: efca43d59b487ad4bc0b2b1cb9e51617c75a7b0159db51fa190c75c3d634ea5fad1ff4750d7c14346add4cd065e3c46e8f99af333edf2b4ec2a424f87e491a85
  languageName: node
  linkType: hard

"fs-extra@npm:^9.1.0":
  version: 9.1.0
  resolution: "fs-extra@npm:9.1.0"
  dependencies:
    at-least-node: ^1.0.0
    graceful-fs: ^4.2.0
    jsonfile: ^6.0.1
    universalify: ^2.0.0
  checksum: e667d8df54113b527bf5830dd9db8f142618db488894b329fe07724c7020dfacf8a372b144a74e683ae44e66f56117adca9cac165950dda7d83537c46c10dc4b
  languageName: node
  linkType: hard

"fs.realpath@npm:^1.0.0":
  version: 1.0.0
  resolution: "fs.realpath@npm:1.0.0"
  checksum: 698a91b1695e3926185c9e5b0dd57cf687dceb4eb73799af91e6b2ab741735e2962c366c5af6403ffddae2619914193bd339efa706fdc984d0ffc74b7a3603f4
  languageName: node
  linkType: hard

"gensequence@npm:^3.1.1":
  version: 3.1.1
  resolution: "gensequence@npm:3.1.1"
  checksum: e6c5738f1908f674c5d51595ab6d589532f72ac1990bb41855f73c476aaa1be7963e1a339d0c4474d381787503135f73b30fd104817e8e27a7cdc06cc42e3a1c
  languageName: node
  linkType: hard

"get-stdin@npm:^8.0.0":
  version: 8.0.0
  resolution: "get-stdin@npm:8.0.0"
  checksum: 009a4c42484cc30fe0f353d0a8c593dda0cdef46f4fb8c1668860d8e2fd6ca53faa2a08a85fdf3a4a56dfbe38f940772fd8b66e0ecba333a8f055c56cda72537
  languageName: node
  linkType: hard

"glob@npm:^7.1.6":
  version: 7.1.6
  resolution: "glob@npm:7.1.6"
  dependencies:
    fs.realpath: ^1.0.0
    inflight: ^1.0.4
    inherits: 2
    minimatch: ^3.0.4
    once: ^1.3.0
    path-is-absolute: ^1.0.0
  checksum: 789977b52432865bd63846da5c75a6efc2c56abdc0cb5ffcdb8e91eeb67a58fa5594c1195d18b2b4aff99675b0739ed6bd61024b26562e0cca18c8f993efdc82
  languageName: node
  linkType: hard

"global-dirs@npm:^0.1.1":
  version: 0.1.1
  resolution: "global-dirs@npm:0.1.1"
  dependencies:
    ini: ^1.3.4
  checksum: 0d46e90b45e35fef757ef468fd497ea249787dafb20b76597ac0a1c129d8e8d7f09db4640a2f7ed12d1057159197af94ef4eea74c0be9c7c1c2c3bec5f0a6834
  languageName: node
  linkType: hard

"graceful-fs@npm:^4.1.2, graceful-fs@npm:^4.1.6, graceful-fs@npm:^4.2.0":
  version: 4.2.4
  resolution: "graceful-fs@npm:4.2.4"
  checksum: d095ee4dc6eacc76814cd52d5d185b860119378a6fd4888e7d4e94983095c54d4f6369942a5e3d759cdbdd4e3ee7eaeb27a39ff938c6ee4610894fd9de46b6cb
  languageName: node
  linkType: hard

"has-flag@npm:^3.0.0":
  version: 3.0.0
  resolution: "has-flag@npm:3.0.0"
  checksum: 63aade480d27aeedb3b5b63a2e069d47d0006bf182338d662e7941cdc024e68a28418e0efa8dc5df30db9c4ee2407f39e6ea3f16cfbc6b83848b450826a28aa0
  languageName: node
  linkType: hard

"has-flag@npm:^4.0.0":
  version: 4.0.0
  resolution: "has-flag@npm:4.0.0"
  checksum: 2e5391139d3d287231ccb58659702392f6e3abeac3296fb4721afaff46493f3d9b99a9329ae015dfe973aa206ed5c75f43e86aec0267dce79aa5c2b6e811b3ad
  languageName: node
  linkType: hard

"has-own-prop@npm:^2.0.0":
  version: 2.0.0
  resolution: "has-own-prop@npm:2.0.0"
  checksum: 8513ff905297afb7b65f4e22012a2c8e20ab006067841015bf338cfd23019b6c7cec89b5192b4cb7eaaa2a5370d2474dc9a0bcfdfd71100c45b8d3be9882f45b
  languageName: node
  linkType: hard

"iconv-lite@npm:^0.6.2":
  version: 0.6.2
  resolution: "iconv-lite@npm:0.6.2"
  dependencies:
    safer-buffer: ">= 2.1.2 < 3.0.0"
  checksum: 0785670120f57b5912c6a4391d6a69914906746d259b59de884dc6d324a52a0abde38d5804f67370192fec6878d01e7306de525568abcea70eb41c2bceb9f547
  languageName: node
  linkType: hard

"import-fresh@npm:^3.2.1":
  version: 3.3.0
  resolution: "import-fresh@npm:3.3.0"
  dependencies:
    parent-module: ^1.0.0
    resolve-from: ^4.0.0
  checksum: 3ff624f00140850a2878eb7630d635daaad556cfa5a0e23191e9b65ab4fec8cc23f929f03bc9b3c4251b497a434f459bf3e7a8aa547a400ad140f431a1b0e4d6
  languageName: node
  linkType: hard

"imurmurhash@npm:^0.1.4":
  version: 0.1.4
  resolution: "imurmurhash@npm:0.1.4"
  checksum: 34d414d789286f6ef4d2b954c76c7df40dd7cabffef9b9959c8bd148677e98151f4fa5344aae2e3ad2b62308555ccbba3022e535a3e24288c9babb1308e35532
  languageName: node
  linkType: hard

"inflight@npm:^1.0.4":
  version: 1.0.6
  resolution: "inflight@npm:1.0.6"
  dependencies:
    once: ^1.3.0
    wrappy: 1
  checksum: 17c53fc42cbe7f7f471d2bc41b97a0cde4b79a74d5ff59997d3f75210566fa278e17596da526d43de2bd07e222706240ce50e60097e54f2cde2e64cbbb372638
  languageName: node
  linkType: hard

"inherits@npm:2":
  version: 2.0.4
  resolution: "inherits@npm:2.0.4"
  checksum: 98426da247ddfc3dcd7d7daedd90c3ca32d5b08deca08949726f12d49232aef94772a07b36cf4ff833e105ae2ef931777f6de4a6dd8245a216b9299ad4a50bea
  languageName: node
  linkType: hard

"ini@npm:^1.3.4":
  version: 1.3.8
  resolution: "ini@npm:1.3.8"
  checksum: 62189ce7ea44c5778e757e4232c581212e838f3c39e79d931bb9152fd4b9275f09fb20b96afdd60ba9f5d7996b92486cad6cc617fcb84ff4beedd1b33b86221e
  languageName: node
  linkType: hard

"is-arrayish@npm:^0.2.1":
  version: 0.2.1
  resolution: "is-arrayish@npm:0.2.1"
  checksum: fc2bbe14dbcb27b490e63b7fbf0e3b0aae843e5e1fa96d79450bb9617797615a575c78c454ffc8e027c3ad50d63d83e85a7387784979dcd46686d2eb5f412db0
  languageName: node
  linkType: hard

"is-number@npm:^7.0.0":
  version: 7.0.0
  resolution: "is-number@npm:7.0.0"
  checksum: eec6e506c6de472af4bdfd0cc477e8aeb76f0a7066c8680fcdfed5324ee31a7d2b59d22313007c58aa80eb937f0c40eefdceedb851997d46b490b49f87160369
  languageName: node
  linkType: hard

"is-obj@npm:^2.0.0":
  version: 2.0.0
  resolution: "is-obj@npm:2.0.0"
  checksum: ffa67ed5df66e37757876cd976380737a0430551789a0457b8c031eaedef8f5c6bc4ab6d903e529efb777545f8718ab73d9badde61c8b08720a3747ccff0b2a0
  languageName: node
  linkType: hard

"is-typedarray@npm:^1.0.0":
  version: 1.0.0
  resolution: "is-typedarray@npm:1.0.0"
  checksum: 4e21156e7360a5916eded35c5938adf6278299a8055640864eebb251e4351cd605beccddf9af27477e19f753d453412fe0c21379bb54b55cfdf5add263076959
  languageName: node
  linkType: hard

"iterable-to-stream@npm:^1.0.1":
  version: 1.0.1
  resolution: "iterable-to-stream@npm:1.0.1"
  checksum: 0526f2ce164b03c75108986077e40fa3e22b68490c8773171d03611ed729e650ce2702019712f78a9e9f504dfa2d7ddaa596b6f50be293f135dfd3d2c733e7a6
  languageName: node
  linkType: hard

"js-tokens@npm:^4.0.0":
  version: 4.0.0
  resolution: "js-tokens@npm:4.0.0"
  checksum: 1fc4e4667ac2d972aba65148b9cbf9c17566b2394d3504238d8492bbd3e68f496c657eab06b26b40b17db5cac0a34d153a12130e2d2d2bb6dc2cdc8a4764eb1b
  languageName: node
  linkType: hard

"json-parse-even-better-errors@npm:^2.3.0":
  version: 2.3.1
  resolution: "json-parse-even-better-errors@npm:2.3.1"
  checksum: d89fa7fe57957f3004cf0e786465a64183c0de861f6fda800d352956397c01b22f9feb141d0dce5b23f5dbe0aae74dd5b45fc0c3c1679b0942688efa5544e726
  languageName: node
  linkType: hard

"jsonfile@npm:^6.0.1":
  version: 6.1.0
  resolution: "jsonfile@npm:6.1.0"
  dependencies:
    graceful-fs: ^4.1.6
    universalify: ^2.0.0
  dependenciesMeta:
    graceful-fs:
      optional: true
  checksum: 9419c886abc6f8a5088cbb222b7bc17c76e8ee9f6c0e5c38781a4e09488166084f25247bc0b58e025b08c43064c82ae860ad89a992e35fc8cfae639323b7edbc
  languageName: node
  linkType: hard

"lines-and-columns@npm:^1.1.6":
  version: 1.1.6
  resolution: "lines-and-columns@npm:1.1.6"
  checksum: 798b80ed7ae3fba34d43fe29591ccb4f16f6fca1da4e1f9922b92264b91d931012433c248daf8e44caa74feb40c0eaa0f27a14f8ee68b6ffb425f3c3f785af27
  languageName: node
  linkType: hard

"make-dir@npm:^3.0.0":
  version: 3.1.0
  resolution: "make-dir@npm:3.1.0"
  dependencies:
    semver: ^6.0.0
  checksum: 54b6f186c209c1b133d0d1710e6b04c41ebfcb0dac699e5a369ea1223f22c0574ef820b91db37cae6c245f5bda8aff9bfec94f6c23e7d75970446b34a58a79b0
  languageName: node
  linkType: hard

"micromatch@npm:^4.0.2":
  version: 4.0.2
  resolution: "micromatch@npm:4.0.2"
  dependencies:
    braces: ^3.0.1
    picomatch: ^2.0.5
  checksum: 0cb0e11d647cbb65e398a0a8a1340a7fb751ae2722346219c435704cfac8b3275a94a6464236fe867f52ad46a24046d3bc4ac11b3d21ddb73bc44e27cf1e4904
  languageName: node
  linkType: hard

"minimatch@npm:^3.0.4":
  version: 3.0.4
  resolution: "minimatch@npm:3.0.4"
  dependencies:
    brace-expansion: ^1.1.7
  checksum: 47eab9263962cacd5733e274ecad2d8e54b0f8e124ba35ae69189e296058f634a4967b87a98954f86fa5c830ff177caf827ce0136d28717ed3232951fb4fae62
  languageName: node
  linkType: hard

"once@npm:^1.3.0":
  version: 1.4.0
  resolution: "once@npm:1.4.0"
  dependencies:
    wrappy: 1
  checksum: 57afc246536cf6494437f982b26475f22bee860f8b77ce8eb1543f42a8bffe04b2c66ddfea9a16cb25ccb80943f8ee4fc639367ef97b7a6a4f2672eb573963f5
  languageName: node
  linkType: hard

"parent-module@npm:^1.0.0":
  version: 1.0.1
  resolution: "parent-module@npm:1.0.1"
  dependencies:
    callsites: ^3.0.0
  checksum: 58714b9699f8e84340aaf0781b7cbd82f1c357f6ce9c035c151d0e8c1e9b869c51b95b680882f0d21b4751e817a6c936d4bb2952a1a1d9d9fb27e5a84baec2aa
  languageName: node
  linkType: hard

"parse-json@npm:^5.0.0":
  version: 5.2.0
  resolution: "parse-json@npm:5.2.0"
  dependencies:
    "@babel/code-frame": ^7.0.0
    error-ex: ^1.3.1
    json-parse-even-better-errors: ^2.3.0
    lines-and-columns: ^1.1.6
  checksum: 65b1e494a51862340248f542666712830c7b6f4d632ca099520eeacb163275f35cbbcf72643cab1d8a71c3cdf87dcd0a7e03c685c7ac1068d24b49c915a7e884
  languageName: node
  linkType: hard

"path-is-absolute@npm:^1.0.0":
  version: 1.0.1
  resolution: "path-is-absolute@npm:1.0.1"
  checksum: 907e1e3e6ac0aef6e65adffd75b3892191d76a5b94c5cf26b43667c4240531d11872ca6979c209b2e5e1609f7f579d02f64ba9936b48bb59d36cc529f0d965ed
  languageName: node
  linkType: hard

"path-type@npm:^4.0.0":
  version: 4.0.0
  resolution: "path-type@npm:4.0.0"
  checksum: ef5835f2eb47e4d06004c7ec7bd51175c0455eaecd5ee99a9774bca5ef43242616e25b44ccc0ba86a0bf42b9f197550fcc0dfa7580e5ff9dca53c035e9bd86a9
  languageName: node
  linkType: hard

"picomatch@npm:^2.0.5":
  version: 2.2.2
  resolution: "picomatch@npm:2.2.2"
  checksum: 20fa75e0a58b39d83425b3db68744d5f6f361fd4fd66ec7745d884036d502abba0d553a637703af79939b844164b13e60eea339ccb043d7fbd74c3da2592b864
  languageName: node
  linkType: hard

"prettier@npm:2.2.1":
  version: 2.2.1
  resolution: "prettier@npm:2.2.1"
  bin:
    prettier: bin-prettier.js
  checksum: 92c6c9f4b87eba1f28466edee57dd18c80d00b858edda77d46d1950d20e6e302b68ee255fc91133ba931e63c4577b5ae30da194d9626a8f3c0177778b91bf056
  languageName: node
  linkType: hard

"repeat-string@npm:^1.6.1":
  version: 1.6.1
  resolution: "repeat-string@npm:1.6.1"
  checksum: 99c431ba7bef7a5d39819d562ebca89206368b45f73213677a3b562e25b5dd272d9e6a2ca8105001df14b6fc8cc71f0b10258c86e16cf8a256318fac1ddc8a77
  languageName: node
  linkType: hard

"resolve-from@npm:^4.0.0":
  version: 4.0.0
  resolution: "resolve-from@npm:4.0.0"
  checksum: 87a4357c0c1c2d165012ec04a3b2aa58931c0c0be257890806760b627bad36c9bceb6f9b2a3726f8570c67f2c9ff3ecc9507fe65cc3ad8d45cdab015245c649f
  languageName: node
  linkType: hard

"resolve-from@npm:^5.0.0":
  version: 5.0.0
  resolution: "resolve-from@npm:5.0.0"
  checksum: 0d29fc7012eb21f34d2637fa0602694f60e64c14bf5fbd5395b72f6ea5540a6906cbeef062edefc34c22fd802bfe8ae46ef936e6c4a3f1b1047390f9738dd76f
  languageName: node
  linkType: hard

"resolve-global@npm:^1.0.0":
  version: 1.0.0
  resolution: "resolve-global@npm:1.0.0"
  dependencies:
    global-dirs: ^0.1.1
  checksum: 337635c53b22fcaf1fa2a49ef3da34167893582ab3200bc28f7f013cb0a617db03c7f21ab7b124a6a85e8725cade7f3fb0f4618e54fed2e507078ce8a4c5c58b
  languageName: node
  linkType: hard

"root-workspace-0b6124@workspace:.":
  version: 0.0.0-use.local
  resolution: "root-workspace-0b6124@workspace:."
  dependencies:
    cspell: 5.2.3
    prettier: 2.2.1
  languageName: unknown
  linkType: soft

"safer-buffer@npm:>= 2.1.2 < 3.0.0":
  version: 2.1.2
  resolution: "safer-buffer@npm:2.1.2"
  checksum: 549ba83f5b314b59898efe3422120ce1ca7987a6eae5925a5fa5db930dc414d4a9dde0a5594f89638cd6ea60b6840ea961872908933ac2428d1726489db46fa5
  languageName: node
  linkType: hard

"semver@npm:^6.0.0":
  version: 6.3.0
  resolution: "semver@npm:6.3.0"
  bin:
    semver: ./bin/semver.js
  checksum: f0d155c06a67cc7e500c92d929339f1c6efd4ce9fe398aee6acc00a2333489cca0f5b4e76ee7292beba237fcca4b5a3d4a6153471f105f56299801bdab37289f
  languageName: node
  linkType: hard

"signal-exit@npm:^3.0.2":
  version: 3.0.3
  resolution: "signal-exit@npm:3.0.3"
  checksum: f8f3fec95c8d1f9ad7e3cce07e1195f84e7a85cdcb4e825e8a2b76aa5406a039083d2bc9662b3cf40e6948262f41277047d20e6fbd58c77edced0b18fab647d8
  languageName: node
  linkType: hard

"strip-ansi@npm:^6.0.0":
  version: 6.0.0
  resolution: "strip-ansi@npm:6.0.0"
  dependencies:
    ansi-regex: ^5.0.0
  checksum: 10568c91cadbef182a807c38dfa718dce15a35b12fcc97b96b6b2029d0508ef66ca93fabddeb49482d9b027495d1e18591858e80f27ad26861c4967c60fd207f
  languageName: node
  linkType: hard

"supports-color@npm:^5.3.0":
  version: 5.5.0
  resolution: "supports-color@npm:5.5.0"
  dependencies:
    has-flag: ^3.0.0
  checksum: edacee6425498440744c418be94b0660181aad2a1828bcf2be85c42bd385da2fd8b2b358d9b62b0c5b03ff5cd3e992458d7b8f879d9fb42f2201fe05a4848a29
  languageName: node
  linkType: hard

"supports-color@npm:^7.1.0":
  version: 7.2.0
  resolution: "supports-color@npm:7.2.0"
  dependencies:
    has-flag: ^4.0.0
  checksum: 8e57067c39216f3c2ffce7cc14ca934d54746192571203aa9c9922d97d2d55cc1bdaa9e41a11f91e620670b5a74ebdec6b548a885d8cc2dea7cab59e21416029
  languageName: node
  linkType: hard

"to-regex-range@npm:^5.0.1":
  version: 5.0.1
  resolution: "to-regex-range@npm:5.0.1"
  dependencies:
    is-number: ^7.0.0
  checksum: 2b6001e314e4998a07137c197e333fac2f86d46d0593da90b678ae64e2daa07274b508f83cca09e6b3504cdf222497dcb5b7daceb6dc13a9a8872f58a27db907
  languageName: node
  linkType: hard

"typedarray-to-buffer@npm:^3.1.5":
  version: 3.1.5
  resolution: "typedarray-to-buffer@npm:3.1.5"
  dependencies:
    is-typedarray: ^1.0.0
  checksum: e6e0e6812acc3496612d81abe026bb6c71bfc0f3daa00716a3236fe37c46a81508de8306df8a29ae81e2a2c4293b6b8067c77b65003e0022134d544902b9acec
  languageName: node
  linkType: hard

"unique-string@npm:^2.0.0":
  version: 2.0.0
  resolution: "unique-string@npm:2.0.0"
  dependencies:
    crypto-random-string: ^2.0.0
  checksum: a2748b41eaada391800773c16674fe4e9a3f078162e49b2c6b4e67d36061a0f97be4b7851136d786ed5e4ddc90770400fd54bf32aed1e08ec9a9219d9b66bad3
  languageName: node
  linkType: hard

"universalify@npm:^2.0.0":
  version: 2.0.0
  resolution: "universalify@npm:2.0.0"
  checksum: 36bfbdc97bd4b483596e66ea65e20663f5ab9ec3650157d99b075b7f97afcdefe46bbb23f89171dd75595d398cea3769a5b6d7130f5c66cae2a0f00904780f62
  languageName: node
  linkType: hard

"vscode-uri@npm:^3.0.2":
  version: 3.0.2
  resolution: "vscode-uri@npm:3.0.2"
  checksum: 3e947913f50261d3587b4f643ed2112342c0cc8acd9d7f1f0af457c9bae6e715fff0ac0f73eb73935700b304c969a42f322e74e7139ac754176aae2a1c34d951
  languageName: node
  linkType: hard

"wrappy@npm:1":
  version: 1.0.2
  resolution: "wrappy@npm:1.0.2"
  checksum: 519fcda0fcdf0c16327be2de9d98646742307bc830277e8868529fcf7566f2b330a6453c233e0cdcb767d5838dd61a90984a02ecc983bcddebea5ad0833bbf98
  languageName: node
  linkType: hard

"write-file-atomic@npm:^3.0.0":
  version: 3.0.3
  resolution: "write-file-atomic@npm:3.0.3"
  dependencies:
    imurmurhash: ^0.1.4
    is-typedarray: ^1.0.0
    signal-exit: ^3.0.2
    typedarray-to-buffer: ^3.1.5
  checksum: a26a8699c30cdc81d041b2c1049c6773f1e8401edda365874e9ca2dcf1fcf024dfeb43eea5e08c2e9b4e77be08a160d37f8d6c5d8c2d3ceccdf3d06e5cb38d35
  languageName: node
  linkType: hard

"xdg-basedir@npm:^4.0.0":
  version: 4.0.0
  resolution: "xdg-basedir@npm:4.0.0"
  checksum: 928953cb7dda8e2475932f748847a3aae751f44864a0067b03e5ca66820a36e1e9ffb647f9b06fb68ebcb0b9d06d5aee630717a1d2501be14cec99f82efa2fe6
  languageName: node
  linkType: hard

"yaml@npm:^1.10.0":
  version: 1.10.0
  resolution: "yaml@npm:1.10.0"
  checksum: d4cc9f9724f8d0aebc2cf52e4e6aa7059f12d50deb54b5225d103462fb2af36e5c0bb419101ca4b1f0cd3b4db9e4139cf2c690e863ac6227648d39d6f4e2522c
  languageName: node
  linkType: hard
